
Microsoft Visual Studio Solution File, Format Version 12.00
# Visual Studio Version 17
VisualStudioVersion = 17.14.36811.4 d17.14
MinimumVisualStudioVersion = 10.0.40219.1
Project("{FAE04EC0-301F-11D3-BF4B-00C04F79EFBC}") = "Code explainer", "Code explainer\Code explainer.csproj", "{43B5EC27-E4FD-40A6-9D34-DD241B214C6D}"
EndProject
Global
	GlobalSection(SolutionConfigurationPlatforms) = preSolution
		Debug|Any CPU = Debug|Any CPU
		Release|Any CPU = Release|Any CPU
	EndGlobalSection
	GlobalSection(ProjectConfigurationPlatforms) = postSolution
		{43B5EC27-E4FD-40A6-9D34-DD241B214C6D}.Debug|Any CPU.ActiveCfg = Debug|Any CPU
		{43B5EC27-E4FD-40A6-9D34-DD241B214C6D}.Debug|Any CPU.Build.0 = Debug|Any CPU
		{43B5EC27-E4FD-40A6-9D34-DD241B214C6D}.Release|Any CPU.ActiveCfg = Release|Any CPU
		{43B5EC27-E4FD-40A6-9D34-DD241B214C6D}.Release|Any CPU.Build.0 = Release|Any CPU
	EndGlobalSection
	GlobalSection(SolutionProperties) = preSolution
		HideSolutionNode = FALSE
	EndGlobalSection
	GlobalSection(ExtensibilityGlobals) = postSolution
		SolutionGuid = {470650AA-F11A-4F25-972C-DB93A5ED9362}
	EndGlobalSection
EndGlobal
